
Microsoft Visual Studio Solution File, Format Version 12.00
# Visual Studio Version 17
VisualStudioVersion = 17.13.35931.197 d17.13
MinimumVisualStudioVersion = 10.0.40219.1
Project("{FAE04EC0-301F-11D3-BF4B-00C04F79EFBC}") = "SeliwareWrapper", "SeliwareWrapper\SeliwareWrapper.csproj", "{CBC33A51-DEBA-4DBA-9577-B20A188B870E}"
EndProject
Global
	GlobalSection(SolutionConfigurationPlatforms) = preSolution
		Debug|Any CPU = Debug|Any CPU
		Release|Any CPU = Release|Any CPU
	EndGlobalSection
	GlobalSection(ProjectConfigurationPlatforms) = postSolution
		{CBC33A51-DEBA-4DBA-9577-B20A188B870E}.Debug|Any CPU.ActiveCfg = Debug|Any CPU
		{CBC33A51-DEBA-4DBA-9577-B20A188B870E}.Debug|Any CPU.Build.0 = Debug|Any CPU
		{CBC33A51-DEBA-4DBA-9577-B20A188B870E}.Release|Any CPU.ActiveCfg = Release|Any CPU
		{CBC33A51-DEBA-4DBA-9577-B20A188B870E}.Release|Any CPU.Build.0 = Release|Any CPU
	EndGlobalSection
	GlobalSection(SolutionProperties) = preSolution
		HideSolutionNode = FALSE
	EndGlobalSection
	GlobalSection(ExtensibilityGlobals) = postSolution
		SolutionGuid = {DDE4C03A-9CED-4AEC-B6CB-03E450B9D31C}
	EndGlobalSection
EndGlobal
